
Microsoft Visual Studio Solution File, Format Version 12.00
# Visual Studio 14
VisualStudioVersion = 14.0.25420.1
MinimumVisualStudioVersion = 10.0.40219.1
Project("{FAE04EC0-301F-11D3-BF4B-00C04F79EFBC}") = "運算子多載 ++複製字串", "運算子多載 ++複製字串\運算子多載 ++複製字串.csproj", "{65AEA729-60D9-4542-8332-4D0B11AE079C}"
EndProject
Global
	GlobalSection(SolutionConfigurationPlatforms) = preSolution
		Debug|Any CPU = Debug|Any CPU
		Release|Any CPU = Release|Any CPU
	EndGlobalSection
	GlobalSection(ProjectConfigurationPlatforms) = postSolution
		{65AEA729-60D9-4542-8332-4D0B11AE079C}.Debug|Any CPU.ActiveCfg = Debug|Any CPU
		{65AEA729-60D9-4542-8332-4D0B11AE079C}.Debug|Any CPU.Build.0 = Debug|Any CPU
		{65AEA729-60D9-4542-8332-4D0B11AE079C}.Release|Any CPU.ActiveCfg = Release|Any CPU
		{65AEA729-60D9-4542-8332-4D0B11AE079C}.Release|Any CPU.Build.0 = Release|Any CPU
	EndGlobalSection
	GlobalSection(SolutionProperties) = preSolution
		HideSolutionNode = FALSE
	EndGlobalSection
EndGlobal
