
Microsoft Visual Studio Solution File, Format Version 12.00
# Visual Studio 14
VisualStudioVersion = 14.0.25420.1
MinimumVisualStudioVersion = 10.0.40219.1
Project("{FAE04EC0-301F-11D3-BF4B-00C04F79EFBC}") = "第八章習題 四人發撲克牌", "第八章習題 四人發撲克牌\第八章習題 四人發撲克牌.csproj", "{DEF55175-B67E-404E-909F-87ECC8278712}"
EndProject
Global
	GlobalSection(SolutionConfigurationPlatforms) = preSolution
		Debug|Any CPU = Debug|Any CPU
		Release|Any CPU = Release|Any CPU
	EndGlobalSection
	GlobalSection(ProjectConfigurationPlatforms) = postSolution
		{DEF55175-B67E-404E-909F-87ECC8278712}.Debug|Any CPU.ActiveCfg = Debug|Any CPU
		{DEF55175-B67E-404E-909F-87ECC8278712}.Debug|Any CPU.Build.0 = Debug|Any CPU
		{DEF55175-B67E-404E-909F-87ECC8278712}.Release|Any CPU.ActiveCfg = Release|Any CPU
		{DEF55175-B67E-404E-909F-87ECC8278712}.Release|Any CPU.Build.0 = Release|Any CPU
	EndGlobalSection
	GlobalSection(SolutionProperties) = preSolution
		HideSolutionNode = FALSE
	EndGlobalSection
EndGlobal
