
Microsoft Visual Studio Solution File, Format Version 12.00
# Visual Studio 14
VisualStudioVersion = 14.0.25420.1
MinimumVisualStudioVersion = 10.0.40219.1
Project("{FAE04EC0-301F-11D3-BF4B-00C04F79EFBC}") = "動態控制項 矩陣相加相乘", "動態控制項 矩陣相加相乘\動態控制項 矩陣相加相乘.csproj", "{101CBDD9-47EC-4615-AF68-BBFF1974BEBB}"
EndProject
Global
	GlobalSection(SolutionConfigurationPlatforms) = preSolution
		Debug|Any CPU = Debug|Any CPU
		Release|Any CPU = Release|Any CPU
	EndGlobalSection
	GlobalSection(ProjectConfigurationPlatforms) = postSolution
		{101CBDD9-47EC-4615-AF68-BBFF1974BEBB}.Debug|Any CPU.ActiveCfg = Debug|Any CPU
		{101CBDD9-47EC-4615-AF68-BBFF1974BEBB}.Debug|Any CPU.Build.0 = Debug|Any CPU
		{101CBDD9-47EC-4615-AF68-BBFF1974BEBB}.Release|Any CPU.ActiveCfg = Release|Any CPU
		{101CBDD9-47EC-4615-AF68-BBFF1974BEBB}.Release|Any CPU.Build.0 = Release|Any CPU
	EndGlobalSection
	GlobalSection(SolutionProperties) = preSolution
		HideSolutionNode = FALSE
	EndGlobalSection
EndGlobal
